{
    "version": 3,
    "terraform_version": "0.11.7",
    "serial": 1,
    "lineage": "648add01-e398-96e3-a8e1-259f82c020f9",
    "modules": [
        {
            "path": [
                "root"
            ],
            "outputs": {},
            "resources": {
                "aws_instance.example": {
                    "type": "aws_instance",
                    "depends_on": [],
                    "primary": {
                        "id": "i-021e361501c8978b0",
                        "attributes": {
                            "ami": "ami-66c8fa03",
                            "associate_public_ip_address": "true",
                            "availability_zone": "us-east-2c",
                            "credit_specification.#": "1",
                            "credit_specification.0.cpu_credits": "standard",
                            "disable_api_termination": "false",
                            "ebs_block_device.#": "0",
                            "ebs_optimized": "false",
                            "ephemeral_block_device.#": "0",
                            "get_password_data": "false",
                            "iam_instance_profile": "",
                            "id": "i-021e361501c8978b0",
                            "instance_state": "running",
                            "instance_type": "t2.micro",
                            "ipv6_addresses.#": "0",
                            "key_name": "",
                            "monitoring": "false",
                            "network_interface.#": "0",
                            "network_interface_id": "eni-0e0af85d429b10b58",
                            "password_data": "",
                            "placement_group": "",
                            "primary_network_interface_id": "eni-0e0af85d429b10b58",
                            "private_dns": "ip-172-31-34-252.us-east-2.compute.internal",
                            "private_ip": "172.31.34.252",
                            "public_dns": "ec2-18-218-150-36.us-east-2.compute.amazonaws.com",
                            "public_ip": "18.218.150.36",
                            "root_block_device.#": "1",
                            "root_block_device.0.delete_on_termination": "true",
                            "root_block_device.0.iops": "100",
                            "root_block_device.0.volume_id": "vol-09276f07b7f435149",
                            "root_block_device.0.volume_size": "8",
                            "root_block_device.0.volume_type": "gp2",
                            "security_groups.#": "1",
                            "security_groups.3814588639": "default",
                            "source_dest_check": "true",
                            "subnet_id": "subnet-98b2bbd5",
                            "tags.%": "0",
                            "tenancy": "default",
                            "volume_tags.%": "0",
                            "vpc_security_group_ids.#": "1",
                            "vpc_security_group_ids.1116757145": "sg-bf4655d4"
                        },
                        "meta": {
                            "e2bfb730-ecaa-11e6-8f88-34363bc7c4c0": {
                                "create": 600000000000,
                                "delete": 1200000000000,
                                "update": 600000000000
                            },
                            "schema_version": "1"
                        },
                        "tainted": false
                    },
                    "deposed": [],
                    "provider": "provider.aws"
                }
            },
            "depends_on": []
        }
    ]
}
